<?xml version="1.0" encoding="utf-8"?>
<Project ToolsVersion="4.0" xmlns="http://schemas.microsoft.com/developer/msbuild/2003">
  <ItemGroup>
    <Filter Include="Source Files">
      <UniqueIdentifier>{4FC737F1-C7A5-4376-A066-2A32D752A2FF}</UniqueIdentifier>
      <Extensions>cpp;c;cc;cxx;c++;cppm;ixx;def;odl;idl;hpj;bat;asm;asmx</Extensions>
    </Filter>
    <Filter Include="Header Files">
      <UniqueIdentifier>{93995380-89BD-4b04-88EB-625FBE52EBFB}</UniqueIdentifier>
      <Extensions>h;hh;hpp;hxx;h++;hm;inl;inc;ipp;xsd</Extensions>
    </Filter>
    <Filter Include="Test Files">
      <UniqueIdentifier>{d1c2f3a7-ddfb-4ae2-9359-879d37ae505a}</UniqueIdentifier>
    </Filter>
    <Filter Include="Common Files">
      <UniqueIdentifier>{a5b0cfba-2449-448c-8918-d3bcaab935df}</UniqueIdentifier>
    </Filter>
    <Filter Include="Common Files\Headers">
      <UniqueIdentifier>{a8230b02-279c-4a2e-bdc7-eb1ce45a0973}</UniqueIdentifier>
    </Filter>
    <Filter Include="Common Files\Sources">
      <UniqueIdentifier>{14cd7200-0ee0-4e67-9d9b-7a6c246053d0}</UniqueIdentifier>
    </Filter>
  </ItemGroup>
  <ItemGroup>
    <ClCompile Include="src\main.c">
      <Filter>Source Files</Filter>
    </ClCompile>
    <ClCompile Include="src\front-end\lexer.c">
      <Filter>Source Files</Filter>
    </ClCompile>
    <ClCompile Include="test\test.h">
      <Filter>Test Files</Filter>
    </ClCompile>
    <ClCompile Include="test\test.c">
      <Filter>Test Files</Filter>
    </ClCompile>
    <ClCompile Include="src\utils\sbuffer.h">
      <Filter>Common Files\Headers</Filter>
    </ClCompile>
    <ClCompile Include="src\utils\context.c">
      <Filter>Common Files\Sources</Filter>
    </ClCompile>
    <ClCompile Include="src\error.c">
      <Filter>Common Files\Sources</Filter>
    </ClCompile>
    <ClCompile Include="src\utils\sbuffer.c">
      <Filter>Common Files\Sources</Filter>
    </ClCompile>
    <ClCompile Include="src\utils\common.c">
      <Filter>Common Files\Sources</Filter>
    </ClCompile>
    <ClCompile Include="src\front-end\ast.c">
      <Filter>Source Files</Filter>
    </ClCompile>
    <ClCompile Include="src\front-end\parser.c">
      <Filter>Common Files\Sources</Filter>
    </ClCompile>
    <ClCompile Include="src\front-end\ast-expr-eval.h">
      <Filter>Source Files</Filter>
    </ClCompile>
  </ItemGroup>
  <ItemGroup>
    <ClInclude Include="src\front-end\lexer.h">
      <Filter>Header Files</Filter>
    </ClInclude>
    <ClInclude Include="src\utils\common.h">
      <Filter>Common Files\Headers</Filter>
    </ClInclude>
    <ClInclude Include="src\utils\context.h">
      <Filter>Common Files\Headers</Filter>
    </ClInclude>
    <ClInclude Include="src\error.h">
      <Filter>Common Files\Headers</Filter>
    </ClInclude>
    <ClInclude Include="src\front-end\ast.h">
      <Filter>Header Files</Filter>
    </ClInclude>
    <ClInclude Include="src\front-end\parser.h">
      <Filter>Header Files</Filter>
    </ClInclude>
    <ClInclude Include="src\front-end\ast-print.h">
      <Filter>Source Files</Filter>
    </ClInclude>
  </ItemGroup>
  <ItemGroup>
    <Text Include="test\syntax.txt">
      <Filter>Test Files</Filter>
    </Text>
  </ItemGroup>
</Project>