<?xml version="1.0" encoding="utf-8"?>
<Project ToolsVersion="4.0" xmlns="http://schemas.microsoft.com/developer/msbuild/2003">
  <ItemGroup>
    <Filter Include="Source Files">
      <UniqueIdentifier>{4FC737F1-C7A5-4376-A066-2A32D752A2FF}</UniqueIdentifier>
      <Extensions>cpp;c;cc;cxx;c++;cppm;ixx;def;odl;idl;hpj;bat;asm;asmx</Extensions>
    </Filter>
    <Filter Include="Header Files">
      <UniqueIdentifier>{93995380-89BD-4b04-88EB-625FBE52EBFB}</UniqueIdentifier>
      <Extensions>h;hh;hpp;hxx;h++;hm;inl;inc;ipp;xsd</Extensions>
    </Filter>
    <Filter Include="Test Files">
      <UniqueIdentifier>{d1c2f3a7-ddfb-4ae2-9359-879d37ae505a}</UniqueIdentifier>
    </Filter>
    <Filter Include="Common Files">
      <UniqueIdentifier>{a5b0cfba-2449-448c-8918-d3bcaab935df}</UniqueIdentifier>
    </Filter>
    <Filter Include="Common Files\Headers">
      <UniqueIdentifier>{a8230b02-279c-4a2e-bdc7-eb1ce45a0973}</UniqueIdentifier>
    </Filter>
    <Filter Include="Common Files\Sources">
      <UniqueIdentifier>{14cd7200-0ee0-4e67-9d9b-7a6c246053d0}</UniqueIdentifier>
    </Filter>
  </ItemGroup>
  <ItemGroup>
    <ClCompile Include="src\main.c">
      <Filter>Source Files</Filter>
    </ClCompile>
    <ClCompile Include="src\utils\data-structures\sbuffer.h">
      <Filter>Common Files\Headers</Filter>
    </ClCompile>
    <ClCompile Include="src\utils\context.c">
      <Filter>Common Files\Sources</Filter>
    </ClCompile>
    <ClCompile Include="src\error.c">
      <Filter>Common Files\Sources</Filter>
    </ClCompile>
    <ClCompile Include="src\utils\data-structures\sbuffer.c">
      <Filter>Common Files\Sources</Filter>
    </ClCompile>
    <ClCompile Include="src\front-end\ast\ast.c">
      <Filter>Source Files</Filter>
    </ClCompile>
    <ClCompile Include="src\front-end\parser.c">
      <Filter>Common Files\Sources</Filter>
    </ClCompile>
    <ClCompile Include="src\front-end\ast\ast-evaluator.h">
      <Filter>Source Files</Filter>
    </ClCompile>
    <ClCompile Include="src\front-end\ast\ast-evaluator.c">
      <Filter>Source Files</Filter>
    </ClCompile>
    <ClCompile Include="src\front-end\token.c">
      <Filter>Source Files</Filter>
    </ClCompile>
    <ClCompile Include="src\front-end\lexer.c">
      <Filter>Source Files</Filter>
    </ClCompile>
    <ClCompile Include="src\utils\common.c">
      <Filter>Source Files</Filter>
    </ClCompile>
    <ClCompile Include="src\utils\os.c">
      <Filter>Source Files</Filter>
    </ClCompile>
    <ClCompile Include="src\front-end\ast\ast-printer.c">
      <Filter>Source Files</Filter>
    </ClCompile>
    <ClCompile Include="src\front-end\type.c">
      <Filter>Source Files</Filter>
    </ClCompile>
    <ClCompile Include="src\front-end\semantics\flow-checker.c">
      <Filter>Source Files</Filter>
    </ClCompile>
    <ClCompile Include="src\front-end\semantics\table.c">
      <Filter>Source Files</Filter>
    </ClCompile>
    <ClCompile Include="src\front-end\semantics\type-checker.c">
      <Filter>Source Files</Filter>
    </ClCompile>
    <ClCompile Include="src\front-end\semantics\visitor.c">
      <Filter>Source Files</Filter>
    </ClCompile>
    <ClCompile Include="test\test.c">
      <Filter>Source Files</Filter>
    </ClCompile>
    <ClCompile Include="src\back-end\x86\expr-gen.c">
      <Filter>Source Files</Filter>
    </ClCompile>
    <ClCompile Include="src\back-end\x86\gen.c">
      <Filter>Source Files</Filter>
    </ClCompile>
    <ClCompile Include="src\back-end\x86\regtable.c">
      <Filter>Source Files</Filter>
    </ClCompile>
    <ClCompile Include="src\back-end\x86\stack-frame.c">
      <Filter>Source Files</Filter>
    </ClCompile>
    <ClCompile Include="src\back-end\x86\program.c">
      <Filter>Source Files</Filter>
    </ClCompile>
    <ClCompile Include="src\args.h">
      <Filter>Source Files</Filter>
    </ClCompile>
    <ClCompile Include="src\args.c">
      <Filter>Source Files</Filter>
    </ClCompile>
  </ItemGroup>
  <ItemGroup>
    <ClInclude Include="src\utils\context.h">
      <Filter>Common Files\Headers</Filter>
    </ClInclude>
    <ClInclude Include="src\error.h">
      <Filter>Common Files\Headers</Filter>
    </ClInclude>
    <ClInclude Include="src\front-end\ast\ast.h">
      <Filter>Header Files</Filter>
    </ClInclude>
    <ClInclude Include="src\front-end\parser.h">
      <Filter>Header Files</Filter>
    </ClInclude>
    <ClInclude Include="src\front-end\front-end.h">
      <Filter>Header Files</Filter>
    </ClInclude>
    <ClInclude Include="src\front-end\token.h">
      <Filter>Header Files</Filter>
    </ClInclude>
    <ClInclude Include="src\front-end\lexer.h">
      <Filter>Header Files</Filter>
    </ClInclude>
    <ClInclude Include="src\utils\common.h">
      <Filter>Header Files</Filter>
    </ClInclude>
    <ClInclude Include="src\utils\os.h">
      <Filter>Header Files</Filter>
    </ClInclude>
    <ClInclude Include="src\front-end\ast\ast-printer.h">
      <Filter>Header Files</Filter>
    </ClInclude>
    <ClInclude Include="src\front-end\type.h">
      <Filter>Header Files</Filter>
    </ClInclude>
    <ClInclude Include="src\front-end\semantics\flow-checker.h">
      <Filter>Header Files</Filter>
    </ClInclude>
    <ClInclude Include="src\front-end\semantics\table.h">
      <Filter>Header Files</Filter>
    </ClInclude>
    <ClInclude Include="src\front-end\semantics\type-checker.h">
      <Filter>Header Files</Filter>
    </ClInclude>
    <ClInclude Include="src\front-end\semantics\visitor.h">
      <Filter>Header Files</Filter>
    </ClInclude>
    <ClInclude Include="test\test-cases\lexer-test-cases\lexer-test-cases.h">
      <Filter>Header Files</Filter>
    </ClInclude>
    <ClInclude Include="test\test-cases\parser-test-cases\parser-ast-manual-tests\parser-manual-test.h">
      <Filter>Header Files</Filter>
    </ClInclude>
    <ClInclude Include="test\test-cases\parser-test-cases\parser-ast-tests\import-tests\import-stmt-tests.h">
      <Filter>Header Files</Filter>
    </ClInclude>
    <ClInclude Include="test\test-cases\parser-test-cases\parser-ast-tests\statement-tests\statement-tests.h">
      <Filter>Header Files</Filter>
    </ClInclude>
    <ClInclude Include="test\test-cases\parser-test-cases\ast-expr-eval-test.h">
      <Filter>Header Files</Filter>
    </ClInclude>
    <ClInclude Include="test\test.h">
      <Filter>Header Files</Filter>
    </ClInclude>
    <ClInclude Include="src\back-end\x86\expr-gen.h">
      <Filter>Header Files</Filter>
    </ClInclude>
    <ClInclude Include="src\back-end\x86\gen.h">
      <Filter>Header Files</Filter>
    </ClInclude>
    <ClInclude Include="src\back-end\x86\instructions.h">
      <Filter>Header Files</Filter>
    </ClInclude>
    <ClInclude Include="src\back-end\x86\program.h">
      <Filter>Header Files</Filter>
    </ClInclude>
    <ClInclude Include="src\back-end\x86\regtable.h">
      <Filter>Header Files</Filter>
    </ClInclude>
    <ClInclude Include="src\back-end\x86\stack-frame.h">
      <Filter>Header Files</Filter>
    </ClInclude>
    <ClInclude Include="src\almc.h">
      <Filter>Header Files</Filter>
    </ClInclude>
    <ClInclude Include="src\back-end\back-end.h">
      <Filter>Header Files</Filter>
    </ClInclude>
    <ClInclude Include="src\utils\console\colors.h">
      <Filter>Header Files</Filter>
    </ClInclude>
  </ItemGroup>
  <ItemGroup>
    <Text Include="test\syntax.txt" />
    <Text Include="test\test-cases\lexer-test-cases\RECOGNITION-TEST.txt" />
    <Text Include="test\test-cases\lexer-test-cases\SRC-CONTEXT-TEST.txt" />
    <Text Include="test\test-cases\lexer-test-cases\TOKENS.txt" />
    <Text Include="test\test-cases\lexer-test-cases\LEXEME-TEST.txt" />
    <Text Include="test\test-cases\lexer-test-cases\COMMENTS-TEST.txt" />
    <Text Include="test\test-cases\lexer-test-cases\gen-output.txt" />
    <Text Include="src\back-end\x86\instructions_list.txt" />
    <Text Include="example\localstd\memory.almc" />
  </ItemGroup>
  <ItemGroup>
    <None Include="test\test-cases\parser-test-cases\parser-ast-manual-tests\b.almc" />
    <None Include="test\test-cases\parser-test-cases\parser-ast-manual-tests\testfolder\for_import\module_a.almc" />
    <None Include="test\test-cases\parser-test-cases\parser-ast-manual-tests\testfolder\back_end_test.almc" />
    <None Include="test\test-cases\parser-test-cases\parser-ast-manual-tests\testfolder\testfile.almc" />
    <None Include="test\test-cases\parser-test-cases\parser-ast-tests\statement-tests\jump_stmts.almc" />
    <None Include="test\test-cases\parser-test-cases\parser-ast-tests\statement-tests\selection_stmts\switch_case.almc" />
    <None Include="test\test-cases\parser-test-cases\parser-ast-tests\statement-tests\declaration_stmts\func_decl.almc" />
    <None Include="test\test-cases\parser-test-cases\parser-ast-tests\statement-tests\declaration_stmts\type_decl.almc" />
    <None Include="test\test-cases\parser-test-cases\parser-ast-tests\statement-tests\declaration_stmts\var_decl.almc" />
    <None Include="test\test-cases\parser-test-cases\parser-ast-tests\statement-tests\loop_stmts\do_while_loop.almc" />
    <None Include="test\test-cases\parser-test-cases\parser-ast-tests\statement-tests\loop_stmts\for_loop.almc" />
    <None Include="test\test-cases\parser-test-cases\parser-ast-tests\statement-tests\loop_stmts\while_loop.almc" />
    <None Include="test\test-cases\parser-test-cases\parser-ast-tests\statement-tests\selection_stmts\if_else.almc" />
    <None Include="test\test-cases\parser-test-cases\parser-ast-tests\import-tests\b.almc" />
    <None Include="test\test-cases\parser-test-cases\parser-ast-tests\import-tests\case_1\a.almc" />
    <None Include="test\test-cases\parser-test-cases\parser-ast-tests\import-tests\case_2\a.almc" />
    <None Include="test\test-cases\parser-test-cases\parser-ast-tests\import-tests\case_3\a.almc" />
    <None Include="test\test-cases\parser-test-cases\parser-ast-tests\import-tests\case_4\a.almc" />
    <None Include="test\test-cases\parser-test-cases\parser-ast-tests\import-tests\case_5\a.almc" />
    <None Include="test\test-cases\parser-test-cases\parser-ast-tests\import-tests\case_5\for_member.almc" />
    <None Include="test\test-cases\parser-test-cases\parser-ast-tests\import-tests\case_5\for_module.almc" />
    <None Include="test\test-cases\parser-test-cases\parser-ast-tests\import-tests\case_6\a.almc" />
    <None Include="test\test-cases\parser-test-cases\parser-ast-tests\import-tests\case_6\c.almc" />
    <None Include="test\test-cases\parser-test-cases\parser-ast-tests\import-tests\case_7\folder\c.almc" />
    <None Include="test\test-cases\parser-test-cases\parser-ast-tests\import-tests\case_7\a.almc" />
    <None Include="test\test-cases\lexer-test-cases\gen.py" />
    <None Include="src\back-end\x86\instructions_gen.py" />
    <None Include="example\localstd\io.almc" />
    <None Include="example\localstd\time.almc" />
    <None Include="example\hello world\hello_world.almc" />
    <None Include="example\time\get_local_time.almc" />
    <None Include="example\linked_list\list.almc" />
    <None Include="example\linked_list\list_test.almc" />
    <None Include="example\localstd\random.almc" />
    <None Include="example\sort\selection_sort.almc" />
    <None Include="example\localstd\file.almc" />
    <None Include="example\file\filetest.almc" />
    <None Include="example\test\test.almc" />
    <None Include="example\test\scope_test\locals.almc" />
    <None Include="example\test\enum_test\enum_error1.almc" />
    <None Include="example\test\enum_test\enum_error2.almc" />
    <None Include="example\test\enum_test\enum_tests.almc" />
    <None Include="example\test\enum_test\enum_error3.almc" />
    <None Include="example\test4\test.almc" />
  </ItemGroup>
</Project>